
Microsoft Visual Studio Solution File, Format Version 12.00
# Visual Studio Version 17
VisualStudioVersion = 17.7.34302.85
MinimumVisualStudioVersion = 10.0.40219.1
Project("{FAE04EC0-301F-11D3-BF4B-00C04F79EFBC}") = "UebungWPFBars+Chart+FileReader", "UebungWPFBars+Chart+FileReader.csproj", "{D6D03B19-6817-4811-9AA7-F0E754E3ED1E}"
EndProject
Global
	GlobalSection(SolutionConfigurationPlatforms) = preSolution
		Debug|Any CPU = Debug|Any CPU
		Release|Any CPU = Release|Any CPU
	EndGlobalSection
	GlobalSection(ProjectConfigurationPlatforms) = postSolution
		{D6D03B19-6817-4811-9AA7-F0E754E3ED1E}.Debug|Any CPU.ActiveCfg = Debug|Any CPU
		{D6D03B19-6817-4811-9AA7-F0E754E3ED1E}.Debug|Any CPU.Build.0 = Debug|Any CPU
		{D6D03B19-6817-4811-9AA7-F0E754E3ED1E}.Release|Any CPU.ActiveCfg = Release|Any CPU
		{D6D03B19-6817-4811-9AA7-F0E754E3ED1E}.Release|Any CPU.Build.0 = Release|Any CPU
	EndGlobalSection
	GlobalSection(SolutionProperties) = preSolution
		HideSolutionNode = FALSE
	EndGlobalSection
	GlobalSection(ExtensibilityGlobals) = postSolution
		SolutionGuid = {13442A70-F5DC-4308-AD13-4C43AC6E63AD}
	EndGlobalSection
EndGlobal
